{
  "name": "color-name-lists",
  "version": "1.0.0",
  "lockfileVersion": 1,
  "requires": true,
  "dependencies": {
    "wikipedia-color-names": {
      "version": "1.6.1",
      "resolved": "https://registry.npmjs.org/wikipedia-color-names/-/wikipedia-color-names-1.6.1.tgz",
      "integrity": "sha512-jBfgzW7UpTyGa3ssL+3iGFOrKyJZZpJOwlmCVkykIxx4m99xpPCI46IeF8R6vRTu5o7urFAs2oPWNFLhXcjjCg=="
    }
  }
}
