{
  "name": "color-name-lists",
  "version": "3.17.0",
  "lockfileVersion": 2,
  "requires": true,
  "packages": {
    "": {
      "name": "color-name-lists",
      "version": "3.17.0",
      "license": "MIT",
      "dependencies": {
        "color-standards-and-color-nomenclature": "^1.1.0",
        "nombres-de-colores": "^0.4.0",
        "recueil-de-couleur": "^0.11.0",
        "riso-colors": "^1.0.1",
        "wikipedia-color-names": "^1.9.0"
      },
      "devDependencies": {
        "path-browserify": "^1.0.1",
        "process": "^0.11.10"
      }
    },
    "node_modules/color-standards-and-color-nomenclature": {
      "version": "1.1.0",
      "resolved": "https://registry.npmjs.org/color-standards-and-color-nomenclature/-/color-standards-and-color-nomenclature-1.1.0.tgz",
      "integrity": "sha512-vTysC6+ph3IP7ELJwStXb+OQq0XDkYmg+778e8+IwBnxZK5u5/ahB/wgBEZl/tyOQJx/MjXrzmULAYKPuaFi2g=="
    },
    "node_modules/culori": {
      "version": "2.0.3",
      "resolved": "https://registry.npmjs.org/culori/-/culori-2.0.3.tgz",
      "integrity": "sha512-920cvHdCgdrkmiTgV09/qyGpk3d0RrktiU38bUigBDrNcK/19xRobKBzhSGoBpS9dy03P1OfC8zorQcnZKkK7A==",
      "engines": {
        "node": "^12.20.0 || ^14.13.1 || >=16.0.0"
      }
    },
    "node_modules/nombres-de-colores": {
      "version": "0.4.0",
      "resolved": "https://registry.npmjs.org/nombres-de-colores/-/nombres-de-colores-0.4.0.tgz",
      "integrity": "sha512-uxe3qj+LeI3DC+boocOx/IBecvFR0EWMfkdESPBj2mgawnV9eUQIR/3iL58O0KDs8ZqbZuEIGq/oJBjxW8zQBQ=="
    },
    "node_modules/path-browserify": {
      "version": "1.0.1",
      "resolved": "https://registry.npmjs.org/path-browserify/-/path-browserify-1.0.1.tgz",
      "integrity": "sha512-b7uo2UCUOYZcnF/3ID0lulOJi/bafxa1xPe7ZPsammBSpjSWQkjNxlt635YGS2MiR9GjvuXCtz2emr3jbsz98g==",
      "dev": true
    },
    "node_modules/process": {
      "version": "0.11.10",
      "resolved": "https://registry.npmjs.org/process/-/process-0.11.10.tgz",
      "integrity": "sha512-cdGef/drWFoydD1JsMzuFf8100nZl+GT+yacc2bEced5f9Rjk4z+WtFUTBu9PhOi9j/jfmBPu0mMEY4wIdAF8A==",
      "dev": true,
      "engines": {
        "node": ">= 0.6.0"
      }
    },
    "node_modules/recueil-de-couleur": {
      "version": "0.11.0",
      "resolved": "https://registry.npmjs.org/recueil-de-couleur/-/recueil-de-couleur-0.11.0.tgz",
      "integrity": "sha512-m+4v63WJvVggHKj07FRd0iOjfcxrGTNYwDXkS4H1S7GqseiMLoCBxI/H7/qIHmy70/9O6+qQPVYPY0LaOOneDQ==",
      "dependencies": {
        "culori": "^2.0.3"
      }
    },
    "node_modules/riso-colors": {
      "version": "1.0.1",
      "resolved": "https://registry.npmjs.org/riso-colors/-/riso-colors-1.0.1.tgz",
      "integrity": "sha512-foLj2eUiyft2hOe7PzsT9qcT+zLnkw3pGesPQv6JG93OJ0+1J0fdCwdtwxDDCqnYDdgRatKbrb0qhB95vhZ2wQ=="
    },
    "node_modules/wikipedia-color-names": {
      "version": "1.9.0",
      "resolved": "https://registry.npmjs.org/wikipedia-color-names/-/wikipedia-color-names-1.9.0.tgz",
      "integrity": "sha512-HX/vC8Kgpq8nWGoIHzPV3GxI5SwcodplkUxjfVJyfwesq/k1hcIHJphf2npEXrpTsHhZgl/UAgt+jhLT9RMGjg=="
    }
  },
  "dependencies": {
    "color-standards-and-color-nomenclature": {
      "version": "1.1.0",
      "resolved": "https://registry.npmjs.org/color-standards-and-color-nomenclature/-/color-standards-and-color-nomenclature-1.1.0.tgz",
      "integrity": "sha512-vTysC6+ph3IP7ELJwStXb+OQq0XDkYmg+778e8+IwBnxZK5u5/ahB/wgBEZl/tyOQJx/MjXrzmULAYKPuaFi2g=="
    },
    "culori": {
      "version": "2.0.3",
      "resolved": "https://registry.npmjs.org/culori/-/culori-2.0.3.tgz",
      "integrity": "sha512-920cvHdCgdrkmiTgV09/qyGpk3d0RrktiU38bUigBDrNcK/19xRobKBzhSGoBpS9dy03P1OfC8zorQcnZKkK7A=="
    },
    "nombres-de-colores": {
      "version": "0.4.0",
      "resolved": "https://registry.npmjs.org/nombres-de-colores/-/nombres-de-colores-0.4.0.tgz",
      "integrity": "sha512-uxe3qj+LeI3DC+boocOx/IBecvFR0EWMfkdESPBj2mgawnV9eUQIR/3iL58O0KDs8ZqbZuEIGq/oJBjxW8zQBQ=="
    },
    "path-browserify": {
      "version": "1.0.1",
      "resolved": "https://registry.npmjs.org/path-browserify/-/path-browserify-1.0.1.tgz",
      "integrity": "sha512-b7uo2UCUOYZcnF/3ID0lulOJi/bafxa1xPe7ZPsammBSpjSWQkjNxlt635YGS2MiR9GjvuXCtz2emr3jbsz98g==",
      "dev": true
    },
    "process": {
      "version": "0.11.10",
      "resolved": "https://registry.npmjs.org/process/-/process-0.11.10.tgz",
      "integrity": "sha512-cdGef/drWFoydD1JsMzuFf8100nZl+GT+yacc2bEced5f9Rjk4z+WtFUTBu9PhOi9j/jfmBPu0mMEY4wIdAF8A==",
      "dev": true
    },
    "recueil-de-couleur": {
      "version": "0.11.0",
      "resolved": "https://registry.npmjs.org/recueil-de-couleur/-/recueil-de-couleur-0.11.0.tgz",
      "integrity": "sha512-m+4v63WJvVggHKj07FRd0iOjfcxrGTNYwDXkS4H1S7GqseiMLoCBxI/H7/qIHmy70/9O6+qQPVYPY0LaOOneDQ==",
      "requires": {
        "culori": "^2.0.3"
      }
    },
    "riso-colors": {
      "version": "1.0.1",
      "resolved": "https://registry.npmjs.org/riso-colors/-/riso-colors-1.0.1.tgz",
      "integrity": "sha512-foLj2eUiyft2hOe7PzsT9qcT+zLnkw3pGesPQv6JG93OJ0+1J0fdCwdtwxDDCqnYDdgRatKbrb0qhB95vhZ2wQ=="
    },
    "wikipedia-color-names": {
      "version": "1.9.0",
      "resolved": "https://registry.npmjs.org/wikipedia-color-names/-/wikipedia-color-names-1.9.0.tgz",
      "integrity": "sha512-HX/vC8Kgpq8nWGoIHzPV3GxI5SwcodplkUxjfVJyfwesq/k1hcIHJphf2npEXrpTsHhZgl/UAgt+jhLT9RMGjg=="
    }
  }
}
